
Microsoft Visual Studio Solution File, Format Version 12.00
# Visual Studio Version 16
VisualStudioVersion = 16.0.30621.155
MinimumVisualStudioVersion = 10.0.40219.1
Project("{FAE04EC0-301F-11D3-BF4B-00C04F79EFBC}") = "HalloAsync", "HalloAsync\HalloAsync.csproj", "{8AEA6B0E-7BB0-47D1-8F6C-CF63600BDEF0}"
EndProject
Global
	GlobalSection(SolutionConfigurationPlatforms) = preSolution
		Debug|Any CPU = Debug|Any CPU
		Release|Any CPU = Release|Any CPU
	EndGlobalSection
	GlobalSection(ProjectConfigurationPlatforms) = postSolution
		{8AEA6B0E-7BB0-47D1-8F6C-CF63600BDEF0}.Debug|Any CPU.ActiveCfg = Debug|Any CPU
		{8AEA6B0E-7BB0-47D1-8F6C-CF63600BDEF0}.Debug|Any CPU.Build.0 = Debug|Any CPU
		{8AEA6B0E-7BB0-47D1-8F6C-CF63600BDEF0}.Release|Any CPU.ActiveCfg = Release|Any CPU
		{8AEA6B0E-7BB0-47D1-8F6C-CF63600BDEF0}.Release|Any CPU.Build.0 = Release|Any CPU
	EndGlobalSection
	GlobalSection(SolutionProperties) = preSolution
		HideSolutionNode = FALSE
	EndGlobalSection
	GlobalSection(ExtensibilityGlobals) = postSolution
		SolutionGuid = {F4A0E3AC-B6FF-4799-91C1-8617904F8ACA}
	EndGlobalSection
EndGlobal
